// !$*UTF8*$!
{
	archiveVersion = 1;
	classes = {
	};
	objectVersion = 56;
	objects = {

/* Begin PBXBuildFile section */
		BD0EEEA42F12E26A00A613FC /* ChessSpeechInterpreter.swift in Sources */ = {isa = PBXBuildFile; fileRef = BD0EEEA32F12E26A00A613FC /* ChessSpeechInterpreter.swift */; };
		BDB6AFB22F13573200DEC6D4 /* NormalizeSpeech.swift in Sources */ = {isa = PBXBuildFile; fileRef = BDB6AFB12F13573200DEC6D4 /* NormalizeSpeech.swift */; };
		BDBC97F72F0C351B00988568 /* Blind_ChessApp.swift in Sources */ = {isa = PBXBuildFile; fileRef = BDBC97F62F0C351B00988568 /* Blind_ChessApp.swift */; };
		BDBC97F92F0C351B00988568 /* ContentView.swift in Sources */ = {isa = PBXBuildFile; fileRef = BDBC97F82F0C351B00988568 /* ContentView.swift */; };
		BDBC97FB2F0C351C00988568 /* Assets.xcassets in Resources */ = {isa = PBXBuildFile; fileRef = BDBC97FA2F0C351C00988568 /* Assets.xcassets */; };
		BDBC97FE2F0C351C00988568 /* Preview Assets.xcassets in Resources */ = {isa = PBXBuildFile; fileRef = BDBC97FD2F0C351C00988568 /* Preview Assets.xcassets */; };
		BDBC98052F0C355700988568 /* VoiceControl.swift in Sources */ = {isa = PBXBuildFile; fileRef = BDBC98042F0C355700988568 /* VoiceControl.swift */; };
		BDBC98072F0C356B00988568 /* ChessComWebView.swift in Sources */ = {isa = PBXBuildFile; fileRef = BDBC98062F0C356B00988568 /* ChessComWebView.swift */; };
		BDBC98092F0C363900988568 /* ChessEngine.swift in Sources */ = {isa = PBXBuildFile; fileRef = BDBC98082F0C363900988568 /* ChessEngine.swift */; };
		BDBC980D2F0C394E00988568 /* ContentViewtxt.rtf in Resources */ = {isa = PBXBuildFile; fileRef = BDBC980C2F0C394E00988568 /* ContentViewtxt.rtf */; };
		BDBC980F2F0EA20E00988568 /* TextToSpeech.swift in Sources */ = {isa = PBXBuildFile; fileRef = BDBC980E2F0EA20E00988568 /* TextToSpeech.swift */; };
		BDBC98112F0EE8F500988568 /* ChessGameManager.swift in Sources */ = {isa = PBXBuildFile; fileRef = BDBC98102F0EE8F500988568 /* ChessGameManager.swift */; };
		BDBC98132F0EE91C00988568 /* ChessJSBridge.swift in Sources */ = {isa = PBXBuildFile; fileRef = BDBC98122F0EE91C00988568 /* ChessJSBridge.swift */; };
		BDBC98152F0EEA8C00988568 /* ChessModels.swift in Sources */ = {isa = PBXBuildFile; fileRef = BDBC98142F0EEA8C00988568 /* ChessModels.swift */; };
/* End PBXBuildFile section */

/* Begin PBXFileReference section */
		BD0EEEA32F12E26A00A613FC /* ChessSpeechInterpreter.swift */ = {isa = PBXFileReference; lastKnownFileType = sourcecode.swift; path = ChessSpeechInterpreter.swift; sourceTree = "<group>"; };
		BDB6AFB12F13573200DEC6D4 /* NormalizeSpeech.swift */ = {isa = PBXFileReference; lastKnownFileType = sourcecode.swift; path = NormalizeSpeech.swift; sourceTree = "<group>"; };
		BDBC97F32F0C351B00988568 /* Blind Chess.app */ = {isa = PBXFileReference; explicitFileType = wrapper.application; includeInIndex = 0; path = "Blind Chess.app"; sourceTree = BUILT_PRODUCTS_DIR; };
		BDBC97F62F0C351B00988568 /* Blind_ChessApp.swift */ = {isa = PBXFileReference; lastKnownFileType = sourcecode.swift; path = Blind_ChessApp.swift; sourceTree = "<group>"; };
		BDBC97F82F0C351B00988568 /* ContentView.swift */ = {isa = PBXFileReference; lastKnownFileType = sourcecode.swift; path = ContentView.swift; sourceTree = "<group>"; };
		BDBC97FA2F0C351C00988568 /* Assets.xcassets */ = {isa = PBXFileReference; lastKnownFileType = folder.assetcatalog; path = Assets.xcassets; sourceTree = "<group>"; };
		BDBC97FD2F0C351C00988568 /* Preview Assets.xcassets */ = {isa = PBXFileReference; lastKnownFileType = folder.assetcatalog; path = "Preview Assets.xcassets"; sourceTree = "<group>"; };
		BDBC98042F0C355700988568 /* VoiceControl.swift */ = {isa = PBXFileReference; lastKnownFileType = sourcecode.swift; path = VoiceControl.swift; sourceTree = "<group>"; };
		BDBC98062F0C356B00988568 /* ChessComWebView.swift */ = {isa = PBXFileReference; lastKnownFileType = sourcecode.swift; path = ChessComWebView.swift; sourceTree = "<group>"; };
		BDBC98082F0C363900988568 /* ChessEngine.swift */ = {isa = PBXFileReference; fileEncoding = 4; lastKnownFileType = sourcecode.swift; path = ChessEngine.swift; sourceTree = "<group>"; };
		BDBC980C2F0C394E00988568 /* ContentViewtxt.rtf */ = {isa = PBXFileReference; lastKnownFileType = text.rtf; name = ContentViewtxt.rtf; path = "../../../../.Trash/Blind Chess 1.08.10 PM/Blind Chess/Blind Chess/ContentViewtxt.rtf"; sourceTree = "<group>"; };
		BDBC980E2F0EA20E00988568 /* TextToSpeech.swift */ = {isa = PBXFileReference; lastKnownFileType = sourcecode.swift; path = TextToSpeech.swift; sourceTree = "<group>"; };
		BDBC98102F0EE8F500988568 /* ChessGameManager.swift */ = {isa = PBXFileReference; lastKnownFileType = sourcecode.swift; path = ChessGameManager.swift; sourceTree = "<group>"; };
		BDBC98122F0EE91C00988568 /* ChessJSBridge.swift */ = {isa = PBXFileReference; lastKnownFileType = sourcecode.swift; path = ChessJSBridge.swift; sourceTree = "<group>"; };
		BDBC98142F0EEA8C00988568 /* ChessModels.swift */ = {isa = PBXFileReference; lastKnownFileType = sourcecode.swift; path = ChessModels.swift; sourceTree = "<group>"; };
/* End PBXFileReference section */

/* Begin PBXFrameworksBuildPhase section */
		BDBC97F02F0C351B00988568 /* Frameworks */ = {
			isa = PBXFrameworksBuildPhase;
			buildActionMask = 2147483647;
			files = (
			);
			runOnlyForDeploymentPostprocessing = 0;
		};
/* End PBXFrameworksBuildPhase section */

/* Begin PBXGroup section */
		BDB6AFB32F14808100DEC6D4 /* Audio */ = {
			isa = PBXGroup;
			children = (
				BDBC98042F0C355700988568 /* VoiceControl.swift */,
				BDB6AFB12F13573200DEC6D4 /* NormalizeSpeech.swift */,
			);
			path = Audio;
			sourceTree = "<group>";
		};
		BDBC97EA2F0C351B00988568 = {
			isa = PBXGroup;
			children = (
				BDBC97F52F0C351B00988568 /* Blind Chess */,
				BDBC97F42F0C351B00988568 /* Products */,
			);
			sourceTree = "<group>";
		};
		BDBC97F42F0C351B00988568 /* Products */ = {
			isa = PBXGroup;
			children = (
				BDBC97F32F0C351B00988568 /* Blind Chess.app */,
			);
			name = Products;
			sourceTree = "<group>";
		};
		BDBC97F52F0C351B00988568 /* Blind Chess */ = {
			isa = PBXGroup;
			children = (
				BDBC97F62F0C351B00988568 /* Blind_ChessApp.swift */,
				BDBC97F82F0C351B00988568 /* ContentView.swift */,
				BDB6AFB32F14808100DEC6D4 /* Audio */,
				BDC50A932F134EF500F2E4E7 /* Chess */,
				BDBC980C2F0C394E00988568 /* ContentViewtxt.rtf */,
				BDBC97FA2F0C351C00988568 /* Assets.xcassets */,
				BDBC97FC2F0C351C00988568 /* Preview Content */,
			);
			path = "Blind Chess";
			sourceTree = "<group>";
		};
		BDBC97FC2F0C351C00988568 /* Preview Content */ = {
			isa = PBXGroup;
			children = (
				BDBC97FD2F0C351C00988568 /* Preview Assets.xcassets */,
			);
			path = "Preview Content";
			sourceTree = "<group>";
		};
		BDC50A932F134EF500F2E4E7 /* Chess */ = {
			isa = PBXGroup;
			children = (
				BD0EEEA32F12E26A00A613FC /* ChessSpeechInterpreter.swift */,
				BDBC980E2F0EA20E00988568 /* TextToSpeech.swift */,
				BDBC98102F0EE8F500988568 /* ChessGameManager.swift */,
				BDBC98122F0EE91C00988568 /* ChessJSBridge.swift */,
				BDBC98062F0C356B00988568 /* ChessComWebView.swift */,
				BDBC98142F0EEA8C00988568 /* ChessModels.swift */,
				BDBC98082F0C363900988568 /* ChessEngine.swift */,
			);
			path = Chess;
			sourceTree = "<group>";
		};
/* End PBXGroup section */

/* Begin PBXNativeTarget section */
		BDBC97F22F0C351B00988568 /* Blind Chess */ = {
			isa = PBXNativeTarget;
			buildConfigurationList = BDBC98012F0C351C00988568 /* Build configuration list for PBXNativeTarget "Blind Chess" */;
			buildPhases = (
				BDBC97EF2F0C351B00988568 /* Sources */,
				BDBC97F02F0C351B00988568 /* Frameworks */,
				BDBC97F12F0C351B00988568 /* Resources */,
			);
			buildRules = (
			);
			dependencies = (
			);
			name = "Blind Chess";
			productName = "Blind Chess";
			productReference = BDBC97F32F0C351B00988568 /* Blind Chess.app */;
			productType = "com.apple.product-type.application";
		};
/* End PBXNativeTarget section */

/* Begin PBXProject section */
		BDBC97EB2F0C351B00988568 /* Project object */ = {
			isa = PBXProject;
			attributes = {
				BuildIndependentTargetsInParallel = 1;
				LastSwiftUpdateCheck = 1540;
				LastUpgradeCheck = 1540;
				TargetAttributes = {
					BDBC97F22F0C351B00988568 = {
						CreatedOnToolsVersion = 15.4;
					};
				};
			};
			buildConfigurationList = BDBC97EE2F0C351B00988568 /* Build configuration list for PBXProject "Blind Chess" */;
			compatibilityVersion = "Xcode 14.0";
			developmentRegion = en;
			hasScannedForEncodings = 0;
			knownRegions = (
				en,
				Base,
			);
			mainGroup = BDBC97EA2F0C351B00988568;
			productRefGroup = BDBC97F42F0C351B00988568 /* Products */;
			projectDirPath = "";
			projectRoot = "";
			targets = (
				BDBC97F22F0C351B00988568 /* Blind Chess */,
			);
		};
/* End PBXProject section */

/* Begin PBXResourcesBuildPhase section */
		BDBC97F12F0C351B00988568 /* Resources */ = {
			isa = PBXResourcesBuildPhase;
			buildActionMask = 2147483647;
			files = (
				BDBC97FE2F0C351C00988568 /* Preview Assets.xcassets in Resources */,
				BDBC97FB2F0C351C00988568 /* Assets.xcassets in Resources */,
				BDBC980D2F0C394E00988568 /* ContentViewtxt.rtf in Resources */,
			);
			runOnlyForDeploymentPostprocessing = 0;
		};
/* End PBXResourcesBuildPhase section */

/* Begin PBXSourcesBuildPhase section */
		BDBC97EF2F0C351B00988568 /* Sources */ = {
			isa = PBXSourcesBuildPhase;
			buildActionMask = 2147483647;
			files = (
				BDBC98052F0C355700988568 /* VoiceControl.swift in Sources */,
				BDBC98152F0EEA8C00988568 /* ChessModels.swift in Sources */,
				BDBC98092F0C363900988568 /* ChessEngine.swift in Sources */,
				BDBC97F92F0C351B00988568 /* ContentView.swift in Sources */,
				BDBC98112F0EE8F500988568 /* ChessGameManager.swift in Sources */,
				BDBC980F2F0EA20E00988568 /* TextToSpeech.swift in Sources */,
				BDBC98072F0C356B00988568 /* ChessComWebView.swift in Sources */,
				BDBC98132F0EE91C00988568 /* ChessJSBridge.swift in Sources */,
				BDBC97F72F0C351B00988568 /* Blind_ChessApp.swift in Sources */,
				BD0EEEA42F12E26A00A613FC /* ChessSpeechInterpreter.swift in Sources */,
				BDB6AFB22F13573200DEC6D4 /* NormalizeSpeech.swift in Sources */,
			);
			runOnlyForDeploymentPostprocessing = 0;
		};
/* End PBXSourcesBuildPhase section */

/* Begin XCBuildConfiguration section */
		BDBC97FF2F0C351C00988568 /* Debug */ = {
			isa = XCBuildConfiguration;
			buildSettings = {
				ALWAYS_SEARCH_USER_PATHS = NO;
				ASSETCATALOG_COMPILER_GENERATE_SWIFT_ASSET_SYMBOL_EXTENSIONS = YES;
				CLANG_ANALYZER_NONNULL = YES;
				CLANG_ANALYZER_NUMBER_OBJECT_CONVERSION = YES_AGGRESSIVE;
				CLANG_CXX_LANGUAGE_STANDARD = "gnu++20";
				CLANG_ENABLE_MODULES = YES;
				CLANG_ENABLE_OBJC_ARC = YES;
				CLANG_ENABLE_OBJC_WEAK = YES;
				CLANG_WARN_BLOCK_CAPTURE_AUTORELEASING = YES;
				CLANG_WARN_BOOL_CONVERSION = YES;
				CLANG_WARN_COMMA = YES;
				CLANG_WARN_CONSTANT_CONVERSION = YES;
				CLANG_WARN_DEPRECATED_OBJC_IMPLEMENTATIONS = YES;
				CLANG_WARN_DIRECT_OBJC_ISA_USAGE = YES_ERROR;
				CLANG_WARN_DOCUMENTATION_COMMENTS = YES;
				CLANG_WARN_EMPTY_BODY = YES;
				CLANG_WARN_ENUM_CONVERSION = YES;
				CLANG_WARN_INFINITE_RECURSION = YES;
				CLANG_WARN_INT_CONVERSION = YES;
				CLANG_WARN_NON_LITERAL_NULL_CONVERSION = YES;
				CLANG_WARN_OBJC_IMPLICIT_RETAIN_SELF = YES;
				CLANG_WARN_OBJC_LITERAL_CONVERSION = YES;
				CLANG_WARN_OBJC_ROOT_CLASS = YES_ERROR;
				CLANG_WARN_QUOTED_INCLUDE_IN_FRAMEWORK_HEADER = YES;
				CLANG_WARN_RANGE_LOOP_ANALYSIS = YES;
				CLANG_WARN_STRICT_PROTOTYPES = YES;
				CLANG_WARN_SUSPICIOUS_MOVE = YES;
				CLANG_WARN_UNGUARDED_AVAILABILITY = YES_AGGRESSIVE;
				CLANG_WARN_UNREACHABLE_CODE = YES;
				CLANG_WARN__DUPLICATE_METHOD_MATCH = YES;
				COPY_PHASE_STRIP = NO;
				DEBUG_INFORMATION_FORMAT = dwarf;
				ENABLE_STRICT_OBJC_MSGSEND = YES;
				ENABLE_TESTABILITY = YES;
				ENABLE_USER_SCRIPT_SANDBOXING = YES;
				GCC_C_LANGUAGE_STANDARD = gnu17;
				GCC_DYNAMIC_NO_PIC = NO;
				GCC_NO_COMMON_BLOCKS = YES;
				GCC_OPTIMIZATION_LEVEL = 0;
				GCC_PREPROCESSOR_DEFINITIONS = (
					"DEBUG=1",
					"$(inherited)",
				);
				GCC_WARN_64_TO_32_BIT_CONVERSION = YES;
				GCC_WARN_ABOUT_RETURN_TYPE = YES_ERROR;
				GCC_WARN_UNDECLARED_SELECTOR = YES;
				GCC_WARN_UNINITIALIZED_AUTOS = YES_AGGRESSIVE;
				GCC_WARN_UNUSED_FUNCTION = YES;
				GCC_WARN_UNUSED_VARIABLE = YES;
				IPHONEOS_DEPLOYMENT_TARGET = 17.5;
				LOCALIZATION_PREFERS_STRING_CATALOGS = YES;
				MTL_ENABLE_DEBUG_INFO = INCLUDE_SOURCE;
				MTL_FAST_MATH = YES;
				ONLY_ACTIVE_ARCH = YES;
				SDKROOT = iphoneos;
				SWIFT_ACTIVE_COMPILATION_CONDITIONS = "DEBUG $(inherited)";
				SWIFT_OPTIMIZATION_LEVEL = "-Onone";
			};
			name = Debug;
		};
		BDBC98002F0C351C00988568 /* Release */ = {
			isa = XCBuildConfiguration;
			buildSettings = {
				ALWAYS_SEARCH_USER_PATHS = NO;
				ASSETCATALOG_COMPILER_GENERATE_SWIFT_ASSET_SYMBOL_EXTENSIONS = YES;
				CLANG_ANALYZER_NONNULL = YES;
				CLANG_ANALYZER_NUMBER_OBJECT_CONVERSION = YES_AGGRESSIVE;
				CLANG_CXX_LANGUAGE_STANDARD = "gnu++20";
				CLANG_ENABLE_MODULES = YES;
				CLANG_ENABLE_OBJC_ARC = YES;
				CLANG_ENABLE_OBJC_WEAK = YES;
				CLANG_WARN_BLOCK_CAPTURE_AUTORELEASING = YES;
				CLANG_WARN_BOOL_CONVERSION = YES;
				CLANG_WARN_COMMA = YES;
				CLANG_WARN_CONSTANT_CONVERSION = YES;
				CLANG_WARN_DEPRECATED_OBJC_IMPLEMENTATIONS = YES;
				CLANG_WARN_DIRECT_OBJC_ISA_USAGE = YES_ERROR;
				CLANG_WARN_DOCUMENTATION_COMMENTS = YES;
				CLANG_WARN_EMPTY_BODY = YES;
				CLANG_WARN_ENUM_CONVERSION = YES;
				CLANG_WARN_INFINITE_RECURSION = YES;
				CLANG_WARN_INT_CONVERSION = YES;
				CLANG_WARN_NON_LITERAL_NULL_CONVERSION = YES;
				CLANG_WARN_OBJC_IMPLICIT_RETAIN_SELF = YES;
				CLANG_WARN_OBJC_LITERAL_CONVERSION = YES;
				CLANG_WARN_OBJC_ROOT_CLASS = YES_ERROR;
				CLANG_WARN_QUOTED_INCLUDE_IN_FRAMEWORK_HEADER = YES;
				CLANG_WARN_RANGE_LOOP_ANALYSIS = YES;
				CLANG_WARN_STRICT_PROTOTYPES = YES;
				CLANG_WARN_SUSPICIOUS_MOVE = YES;
				CLANG_WARN_UNGUARDED_AVAILABILITY = YES_AGGRESSIVE;
				CLANG_WARN_UNREACHABLE_CODE = YES;
				CLANG_WARN__DUPLICATE_METHOD_MATCH = YES;
				COPY_PHASE_STRIP = NO;
				DEBUG_INFORMATION_FORMAT = "dwarf-with-dsym";
				ENABLE_NS_ASSERTIONS = NO;
				ENABLE_STRICT_OBJC_MSGSEND = YES;
				ENABLE_USER_SCRIPT_SANDBOXING = YES;
				GCC_C_LANGUAGE_STANDARD = gnu17;
				GCC_NO_COMMON_BLOCKS = YES;
				GCC_WARN_64_TO_32_BIT_CONVERSION = YES;
				GCC_WARN_ABOUT_RETURN_TYPE = YES_ERROR;
				GCC_WARN_UNDECLARED_SELECTOR = YES;
				GCC_WARN_UNINITIALIZED_AUTOS = YES_AGGRESSIVE;
				GCC_WARN_UNUSED_FUNCTION = YES;
				GCC_WARN_UNUSED_VARIABLE = YES;
				IPHONEOS_DEPLOYMENT_TARGET = 17.5;
				LOCALIZATION_PREFERS_STRING_CATALOGS = YES;
				MTL_ENABLE_DEBUG_INFO = NO;
				MTL_FAST_MATH = YES;
				SDKROOT = iphoneos;
				SWIFT_COMPILATION_MODE = wholemodule;
				VALIDATE_PRODUCT = YES;
			};
			name = Release;
		};
		BDBC98022F0C351C00988568 /* Debug */ = {
			isa = XCBuildConfiguration;
			buildSettings = {
				ASSETCATALOG_COMPILER_APPICON_NAME = AppIcon;
				ASSETCATALOG_COMPILER_GLOBAL_ACCENT_COLOR_NAME = AccentColor;
				CODE_SIGN_STYLE = Automatic;
				CURRENT_PROJECT_VERSION = 1;
				DEVELOPMENT_ASSET_PATHS = "\"Blind Chess/Preview Content\"";
				DEVELOPMENT_TEAM = N8B378YF6W;
				ENABLE_PREVIEWS = YES;
				GENERATE_INFOPLIST_FILE = YES;
				INFOPLIST_KEY_UIApplicationSceneManifest_Generation = YES;
				INFOPLIST_KEY_UIApplicationSupportsIndirectInputEvents = YES;
				INFOPLIST_KEY_UILaunchScreen_Generation = YES;
				INFOPLIST_KEY_UISupportedInterfaceOrientations_iPad = "UIInterfaceOrientationPortrait UIInterfaceOrientationPortraitUpsideDown UIInterfaceOrientationLandscapeLeft UIInterfaceOrientationLandscapeRight";
				INFOPLIST_KEY_UISupportedInterfaceOrientations_iPhone = "UIInterfaceOrientationPortrait UIInterfaceOrientationLandscapeLeft UIInterfaceOrientationLandscapeRight";
				LD_RUNPATH_SEARCH_PATHS = (
					"$(inherited)",
					"@executable_path/Frameworks",
				);
				MARKETING_VERSION = 1.0;
				PRODUCT_BUNDLE_IDENTIFIER = "com.Blind-Chess.Blind-Chess";
				PRODUCT_NAME = "$(TARGET_NAME)";
				SWIFT_EMIT_LOC_STRINGS = YES;
				SWIFT_VERSION = 5.0;
				TARGETED_DEVICE_FAMILY = "1,2";
			};
			name = Debug;
		};
		BDBC98032F0C351C00988568 /* Release */ = {
			isa = XCBuildConfiguration;
			buildSettings = {
				ASSETCATALOG_COMPILER_APPICON_NAME = AppIcon;
				ASSETCATALOG_COMPILER_GLOBAL_ACCENT_COLOR_NAME = AccentColor;
				CODE_SIGN_STYLE = Automatic;
				CURRENT_PROJECT_VERSION = 1;
				DEVELOPMENT_ASSET_PATHS = "\"Blind Chess/Preview Content\"";
				DEVELOPMENT_TEAM = N8B378YF6W;
				ENABLE_PREVIEWS = YES;
				GENERATE_INFOPLIST_FILE = YES;
				INFOPLIST_KEY_UIApplicationSceneManifest_Generation = YES;
				INFOPLIST_KEY_UIApplicationSupportsIndirectInputEvents = YES;
				INFOPLIST_KEY_UILaunchScreen_Generation = YES;
				INFOPLIST_KEY_UISupportedInterfaceOrientations_iPad = "UIInterfaceOrientationPortrait UIInterfaceOrientationPortraitUpsideDown UIInterfaceOrientationLandscapeLeft UIInterfaceOrientationLandscapeRight";
				INFOPLIST_KEY_UISupportedInterfaceOrientations_iPhone = "UIInterfaceOrientationPortrait UIInterfaceOrientationLandscapeLeft UIInterfaceOrientationLandscapeRight";
				LD_RUNPATH_SEARCH_PATHS = (
					"$(inherited)",
					"@executable_path/Frameworks",
				);
				MARKETING_VERSION = 1.0;
				PRODUCT_BUNDLE_IDENTIFIER = "com.Blind-Chess.Blind-Chess";
				PRODUCT_NAME = "$(TARGET_NAME)";
				SWIFT_EMIT_LOC_STRINGS = YES;
				SWIFT_VERSION = 5.0;
				TARGETED_DEVICE_FAMILY = "1,2";
			};
			name = Release;
		};
/* End XCBuildConfiguration section */

/* Begin XCConfigurationList section */
		BDBC97EE2F0C351B00988568 /* Build configuration list for PBXProject "Blind Chess" */ = {
			isa = XCConfigurationList;
			buildConfigurations = (
				BDBC97FF2F0C351C00988568 /* Debug */,
				BDBC98002F0C351C00988568 /* Release */,
			);
			defaultConfigurationIsVisible = 0;
			defaultConfigurationName = Release;
		};
		BDBC98012F0C351C00988568 /* Build configuration list for PBXNativeTarget "Blind Chess" */ = {
			isa = XCConfigurationList;
			buildConfigurations = (
				BDBC98022F0C351C00988568 /* Debug */,
				BDBC98032F0C351C00988568 /* Release */,
			);
			defaultConfigurationIsVisible = 0;
			defaultConfigurationName = Release;
		};
/* End XCConfigurationList section */
	};
	rootObject = BDBC97EB2F0C351B00988568 /* Project object */;
}
